{
  "nodes": {
    "dotfiles": {
      "flake": false,
      "locked": {
        "lastModified": 1771349276,
        "narHash": "sha256-rRioV/hsQjLT4AY4DPVYG01wGWIVQPIBiFgsqaPpXAg=",
        "owner": "proxemy",
        "repo": "dotfiles",
        "rev": "d54b009a226cca6b0387d3d1d4c21cce0e0cd262",
        "type": "github"
      },
      "original": {
        "owner": "proxemy",
        "repo": "dotfiles",
        "type": "github"
      }
    },
    "home-manager": {
      "inputs": {
        "nixpkgs": [
          "nixpkgs"
        ]
      },
      "locked": {
        "lastModified": 1774292006,
        "narHash": "sha256-RI5sjkDEwIiD2eZHd7iM6ZqPoPWZvn3KdBiMumA3IYI=",
        "owner": "nix-community",
        "repo": "home-manager",
        "rev": "3cea83bf84abeb72581bdee380fa526d7fcd7e5b",
        "type": "github"
      },
      "original": {
        "owner": "nix-community",
        "repo": "home-manager",
        "type": "github"
      }
    },
    "nixpkgs": {
      "locked": {
        "lastModified": 1774106199,
        "narHash": "sha256-US5Tda2sKmjrg2lNHQL3jRQ6p96cgfWh3J1QBliQ8Ws=",
        "owner": "nixos",
        "repo": "nixpkgs",
        "rev": "6c9a78c09ff4d6c21d0319114873508a6ec01655",
        "type": "github"
      },
      "original": {
        "owner": "nixos",
        "ref": "nixos-unstable",
        "repo": "nixpkgs",
        "type": "github"
      }
    },
    "root": {
      "inputs": {
        "dotfiles": "dotfiles",
        "home-manager": "home-manager",
        "nixpkgs": "nixpkgs"
      }
    }
  },
  "root": "root",
  "version": 7
}
